<?xml version="1.0" encoding="utf-8"?>
<Project ToolsVersion="4.0" xmlns="http://schemas.microsoft.com/developer/msbuild/2003">
  <ItemGroup>
    <Filter Include="소스 파일">
      <UniqueIdentifier>{4FC737F1-C7A5-4376-A066-2A32D752A2FF}</UniqueIdentifier>
      <Extensions>cpp;c;cc;cxx;c++;cppm;ixx;def;odl;idl;hpj;bat;asm;asmx</Extensions>
    </Filter>
    <Filter Include="리소스 파일">
      <UniqueIdentifier>{67DA6AB6-F800-4c08-8B7A-83BB121AAD01}</UniqueIdentifier>
      <Extensions>rc;ico;cur;bmp;dlg;rc2;rct;bin;rgs;gif;jpg;jpeg;jpe;resx;tiff;tif;png;wav;mfcribbon-ms</Extensions>
    </Filter>
    <Filter Include="소스 파일\99. Headers">
      <UniqueIdentifier>{d6eabc6a-fe88-4614-942d-b7f0e9315254}</UniqueIdentifier>
    </Filter>
    <Filter Include="소스 파일\01. Main">
      <UniqueIdentifier>{24822faf-737d-470d-9ff5-7c955f424857}</UniqueIdentifier>
    </Filter>
    <Filter Include="소스 파일\99. Headers\Andromeda">
      <UniqueIdentifier>{9ed9760e-cdd3-480b-a62b-b02f5cdd8b9c}</UniqueIdentifier>
    </Filter>
    <Filter Include="소스 파일\98. Shaders">
      <UniqueIdentifier>{867c96e5-0c5e-47c3-bbf3-a2170553a8a0}</UniqueIdentifier>
    </Filter>
    <Filter Include="소스 파일\99. Headers\Utils">
      <UniqueIdentifier>{32ad92ca-cdf6-4b74-b403-e521f780b941}</UniqueIdentifier>
    </Filter>
    <Filter Include="소스 파일\00. Engine">
      <UniqueIdentifier>{829d2c3b-2209-4139-ad92-0af93785029c}</UniqueIdentifier>
    </Filter>
    <Filter Include="소스 파일\00. Engine\pipeline">
      <UniqueIdentifier>{48864e69-c71a-4102-9ebe-19cf3ad819c3}</UniqueIdentifier>
    </Filter>
    <Filter Include="소스 파일\00. Engine\pipeline\00. Geometry">
      <UniqueIdentifier>{172a92db-cc41-4d01-b73a-25d0a231df76}</UniqueIdentifier>
    </Filter>
    <Filter Include="소스 파일\00. Engine\pipeline\02. VertexShader">
      <UniqueIdentifier>{ab52b590-a572-4fb6-8641-9c8f91f0204e}</UniqueIdentifier>
    </Filter>
    <Filter Include="소스 파일\00. Engine\pipeline\04. PixelShader">
      <UniqueIdentifier>{3ce23a4c-7d59-4023-a327-705375e1d6a3}</UniqueIdentifier>
    </Filter>
    <Filter Include="소스 파일\00. Engine\pipeline\05. OutputMerger">
      <UniqueIdentifier>{a0146bd1-ecb2-45b3-84ba-9e18dd82bdf9}</UniqueIdentifier>
    </Filter>
    <Filter Include="소스 파일\00. Engine\pipeline\01. InputAssembler">
      <UniqueIdentifier>{0cbcf397-b38a-4e92-b76d-6dbc9dd1b234}</UniqueIdentifier>
    </Filter>
    <Filter Include="소스 파일\00. Engine\pipeline\03. Rasterizer">
      <UniqueIdentifier>{5f83b7b6-4fa7-4823-bfed-4a6826aed878}</UniqueIdentifier>
    </Filter>
    <Filter Include="소스 파일\00. Engine\GameObject">
      <UniqueIdentifier>{7149e61e-3f90-4015-902d-f0ac75f51061}</UniqueIdentifier>
    </Filter>
    <Filter Include="소스 파일\00. Engine\Component">
      <UniqueIdentifier>{759971a0-503a-486f-ada2-67ecf1dea14f}</UniqueIdentifier>
    </Filter>
    <Filter Include="소스 파일\00. Engine\Component\Animator">
      <UniqueIdentifier>{a6a7aac1-dea7-428e-8acb-bae19fc82c39}</UniqueIdentifier>
    </Filter>
    <Filter Include="소스 파일\00. Engine\Component\Camera">
      <UniqueIdentifier>{f87b7312-a698-4cbc-8a65-a8fa8ee4b991}</UniqueIdentifier>
    </Filter>
    <Filter Include="소스 파일\00. Engine\Component\Rendering">
      <UniqueIdentifier>{dfa33d52-7ad0-428b-988c-ff1c255e08bd}</UniqueIdentifier>
    </Filter>
    <Filter Include="소스 파일\00. Engine\Manager">
      <UniqueIdentifier>{a7213199-b8f6-47a0-ae08-84acfbd624bc}</UniqueIdentifier>
    </Filter>
    <Filter Include="소스 파일\00. Engine\Manager\Input">
      <UniqueIdentifier>{9b41bd5f-d64d-469f-9dea-5133f3ed95ba}</UniqueIdentifier>
    </Filter>
    <Filter Include="소스 파일\00. Engine\Manager\Scene">
      <UniqueIdentifier>{f74f26b5-cf74-4a92-b98e-95fce16f9955}</UniqueIdentifier>
    </Filter>
    <Filter Include="소스 파일\00. Engine\Manager\Time">
      <UniqueIdentifier>{4bea0ad0-f57a-4069-ba03-8a1853b500d6}</UniqueIdentifier>
    </Filter>
    <Filter Include="소스 파일\00. Engine\Manager\Resource">
      <UniqueIdentifier>{d0e7086d-3fad-41ba-bd51-8b8daeb24d08}</UniqueIdentifier>
    </Filter>
    <Filter Include="소스 파일\00. Engine\Resource">
      <UniqueIdentifier>{4aea0d80-ddb1-438d-bf7d-6f4a5a239be5}</UniqueIdentifier>
    </Filter>
    <Filter Include="소스 파일\00. Engine\Manager\Render">
      <UniqueIdentifier>{257627f9-a1ca-42be-9dc2-026464943f64}</UniqueIdentifier>
    </Filter>
  </ItemGroup>
  <ItemGroup>
    <ClInclude Include="GameCodeing.h">
      <Filter>소스 파일\01. Main</Filter>
    </ClInclude>
    <ClInclude Include="targetver.h">
      <Filter>소스 파일\99. Headers\Andromeda</Filter>
    </ClInclude>
    <ClInclude Include="Resource.h">
      <Filter>소스 파일\99. Headers\Andromeda</Filter>
    </ClInclude>
    <ClInclude Include="framework.h">
      <Filter>소스 파일\99. Headers\Andromeda</Filter>
    </ClInclude>
    <ClInclude Include="pch.h">
      <Filter>소스 파일\99. Headers</Filter>
    </ClInclude>
    <ClInclude Include="Values.h">
      <Filter>소스 파일\99. Headers</Filter>
    </ClInclude>
    <ClInclude Include="Struct.h">
      <Filter>소스 파일\99. Headers</Filter>
    </ClInclude>
    <ClInclude Include="Types.h">
      <Filter>소스 파일\99. Headers</Filter>
    </ClInclude>
    <ClInclude Include="Game.h">
      <Filter>소스 파일\01. Main</Filter>
    </ClInclude>
    <ClInclude Include="SimpleMath.h">
      <Filter>소스 파일\99. Headers\Utils</Filter>
    </ClInclude>
    <ClInclude Include="Graphics.h">
      <Filter>소스 파일\00. Engine\pipeline</Filter>
    </ClInclude>
    <ClInclude Include="VertexBuffer.h">
      <Filter>소스 파일\00. Engine\pipeline\01. InputAssembler</Filter>
    </ClInclude>
    <ClInclude Include="IndexBuffer.h">
      <Filter>소스 파일\00. Engine\pipeline\01. InputAssembler</Filter>
    </ClInclude>
    <ClInclude Include="InputLayout.h">
      <Filter>소스 파일\00. Engine\pipeline\01. InputAssembler</Filter>
    </ClInclude>
    <ClInclude Include="Geometry.h">
      <Filter>소스 파일\00. Engine\pipeline\00. Geometry</Filter>
    </ClInclude>
    <ClInclude Include="GeometryHelper.h">
      <Filter>소스 파일\00. Engine\pipeline\00. Geometry</Filter>
    </ClInclude>
    <ClInclude Include="VertexData.h">
      <Filter>소스 파일\00. Engine\pipeline\00. Geometry</Filter>
    </ClInclude>
    <ClInclude Include="ShaderBase.h">
      <Filter>소스 파일\00. Engine\pipeline\02. VertexShader</Filter>
    </ClInclude>
    <ClInclude Include="ConstantBuffer.h">
      <Filter>소스 파일\00. Engine\pipeline\02. VertexShader</Filter>
    </ClInclude>
    <ClInclude Include="RasterizerState.h">
      <Filter>소스 파일\00. Engine\pipeline\03. Rasterizer</Filter>
    </ClInclude>
    <ClInclude Include="SamplerState.h">
      <Filter>소스 파일\00. Engine\pipeline\04. PixelShader</Filter>
    </ClInclude>
    <ClInclude Include="BlendState.h">
      <Filter>소스 파일\00. Engine\pipeline\05. OutputMerger</Filter>
    </ClInclude>
    <ClInclude Include="Pipeline.h">
      <Filter>소스 파일\00. Engine\pipeline</Filter>
    </ClInclude>
    <ClInclude Include="GameObject.h">
      <Filter>소스 파일\00. Engine\GameObject</Filter>
    </ClInclude>
    <ClInclude Include="Component.h">
      <Filter>소스 파일\00. Engine\Component</Filter>
    </ClInclude>
    <ClInclude Include="Transform.h">
      <Filter>소스 파일\00. Engine\Component</Filter>
    </ClInclude>
    <ClInclude Include="MonoBehaviour.h">
      <Filter>소스 파일\00. Engine\Component</Filter>
    </ClInclude>
    <ClInclude Include="Camera.h">
      <Filter>소스 파일\00. Engine\Component\Camera</Filter>
    </ClInclude>
    <ClInclude Include="MeshRenderer.h">
      <Filter>소스 파일\00. Engine\Component\Rendering</Filter>
    </ClInclude>
    <ClInclude Include="SceneManager.h">
      <Filter>소스 파일\00. Engine\Manager\Scene</Filter>
    </ClInclude>
    <ClInclude Include="Scene.h">
      <Filter>소스 파일\00. Engine\Manager\Scene</Filter>
    </ClInclude>
    <ClInclude Include="InputManager.h">
      <Filter>소스 파일\00. Engine\Manager\Input</Filter>
    </ClInclude>
    <ClInclude Include="TimeManager.h">
      <Filter>소스 파일\00. Engine\Manager\Time</Filter>
    </ClInclude>
    <ClInclude Include="ResourceBase.h">
      <Filter>소스 파일\00. Engine\Manager\Resource</Filter>
    </ClInclude>
    <ClInclude Include="ResourceManager.h">
      <Filter>소스 파일\00. Engine\Manager\Resource</Filter>
    </ClInclude>
    <ClInclude Include="Texture.h">
      <Filter>소스 파일\00. Engine\Resource</Filter>
    </ClInclude>
    <ClInclude Include="Shader.h">
      <Filter>소스 파일\00. Engine\Resource</Filter>
    </ClInclude>
    <ClInclude Include="Animation.h">
      <Filter>소스 파일\00. Engine\Resource</Filter>
    </ClInclude>
    <ClInclude Include="Mesh.h">
      <Filter>소스 파일\00. Engine\Resource</Filter>
    </ClInclude>
    <ClInclude Include="Material.h">
      <Filter>소스 파일\00. Engine\Resource</Filter>
    </ClInclude>
    <ClInclude Include="RenderManager.h">
      <Filter>소스 파일\00. Engine\Manager\Render</Filter>
    </ClInclude>
    <ClInclude Include="RenderHelper.h">
      <Filter>소스 파일\00. Engine\Manager\Render</Filter>
    </ClInclude>
    <ClInclude Include="Animator.h">
      <Filter>소스 파일\00. Engine\Component\Animator</Filter>
    </ClInclude>
    <ClInclude Include="CameraMove.h">
      <Filter>소스 파일\01. Main</Filter>
    </ClInclude>
    <ClInclude Include="tinyxml2.h">
      <Filter>소스 파일\99. Headers\Utils</Filter>
    </ClInclude>
  </ItemGroup>
  <ItemGroup>
    <ResourceCompile Include="GameCodeing.rc">
      <Filter>리소스 파일</Filter>
    </ResourceCompile>
  </ItemGroup>
  <ItemGroup>
    <Image Include="small.ico">
      <Filter>리소스 파일</Filter>
    </Image>
    <Image Include="GameCodeing.ico">
      <Filter>리소스 파일</Filter>
    </Image>
  </ItemGroup>
  <ItemGroup>
    <ClCompile Include="GameCodeing.cpp">
      <Filter>소스 파일\01. Main</Filter>
    </ClCompile>
    <ClCompile Include="pch.cpp">
      <Filter>소스 파일\99. Headers</Filter>
    </ClCompile>
    <ClCompile Include="Game.cpp">
      <Filter>소스 파일\01. Main</Filter>
    </ClCompile>
    <ClCompile Include="SimpleMath.cpp">
      <Filter>소스 파일\99. Headers\Utils</Filter>
    </ClCompile>
    <ClCompile Include="Graphics.cpp">
      <Filter>소스 파일\00. Engine\pipeline</Filter>
    </ClCompile>
    <ClCompile Include="InputLayout.cpp">
      <Filter>소스 파일\00. Engine\pipeline\01. InputAssembler</Filter>
    </ClCompile>
    <ClCompile Include="VertexBuffer.cpp">
      <Filter>소스 파일\00. Engine\pipeline\01. InputAssembler</Filter>
    </ClCompile>
    <ClCompile Include="IndexBuffer.cpp">
      <Filter>소스 파일\00. Engine\pipeline\01. InputAssembler</Filter>
    </ClCompile>
    <ClCompile Include="Geometry.cpp">
      <Filter>소스 파일\00. Engine\pipeline\00. Geometry</Filter>
    </ClCompile>
    <ClCompile Include="GeometryHelper.cpp">
      <Filter>소스 파일\00. Engine\pipeline\00. Geometry</Filter>
    </ClCompile>
    <ClCompile Include="VertexData.cpp">
      <Filter>소스 파일\00. Engine\pipeline\00. Geometry</Filter>
    </ClCompile>
    <ClCompile Include="ShaderBase.cpp">
      <Filter>소스 파일\00. Engine\pipeline\02. VertexShader</Filter>
    </ClCompile>
    <ClCompile Include="ConstantBuffer.cpp">
      <Filter>소스 파일\00. Engine\pipeline\02. VertexShader</Filter>
    </ClCompile>
    <ClCompile Include="RasterizerState.cpp">
      <Filter>소스 파일\00. Engine\pipeline\03. Rasterizer</Filter>
    </ClCompile>
    <ClCompile Include="SamplerState.cpp">
      <Filter>소스 파일\00. Engine\pipeline\04. PixelShader</Filter>
    </ClCompile>
    <ClCompile Include="BlendState.cpp">
      <Filter>소스 파일\00. Engine\pipeline\05. OutputMerger</Filter>
    </ClCompile>
    <ClCompile Include="Pipeline.cpp">
      <Filter>소스 파일\00. Engine\pipeline</Filter>
    </ClCompile>
    <ClCompile Include="GameObject.cpp">
      <Filter>소스 파일\00. Engine\GameObject</Filter>
    </ClCompile>
    <ClCompile Include="Component.cpp">
      <Filter>소스 파일\00. Engine\Component</Filter>
    </ClCompile>
    <ClCompile Include="Transform.cpp">
      <Filter>소스 파일\00. Engine\Component</Filter>
    </ClCompile>
    <ClCompile Include="MonoBehaviour.cpp">
      <Filter>소스 파일\00. Engine\Component</Filter>
    </ClCompile>
    <ClCompile Include="Camera.cpp">
      <Filter>소스 파일\00. Engine\Component\Camera</Filter>
    </ClCompile>
    <ClCompile Include="MeshRenderer.cpp">
      <Filter>소스 파일\00. Engine\Component\Rendering</Filter>
    </ClCompile>
    <ClCompile Include="SceneManager.cpp">
      <Filter>소스 파일\00. Engine\Manager\Scene</Filter>
    </ClCompile>
    <ClCompile Include="Scene.cpp">
      <Filter>소스 파일\00. Engine\Manager\Scene</Filter>
    </ClCompile>
    <ClCompile Include="InputManager.cpp">
      <Filter>소스 파일\00. Engine\Manager\Input</Filter>
    </ClCompile>
    <ClCompile Include="TimeManager.cpp">
      <Filter>소스 파일\00. Engine\Manager\Time</Filter>
    </ClCompile>
    <ClCompile Include="ResourceBase.cpp">
      <Filter>소스 파일\00. Engine\Manager\Resource</Filter>
    </ClCompile>
    <ClCompile Include="ResourceManager.cpp">
      <Filter>소스 파일\00. Engine\Manager\Resource</Filter>
    </ClCompile>
    <ClCompile Include="Texture.cpp">
      <Filter>소스 파일\00. Engine\Resource</Filter>
    </ClCompile>
    <ClCompile Include="Shader.cpp">
      <Filter>소스 파일\00. Engine\Resource</Filter>
    </ClCompile>
    <ClCompile Include="Mesh.cpp">
      <Filter>소스 파일\00. Engine\Resource</Filter>
    </ClCompile>
    <ClCompile Include="Material.cpp">
      <Filter>소스 파일\00. Engine\Resource</Filter>
    </ClCompile>
    <ClCompile Include="Animation.cpp">
      <Filter>소스 파일\00. Engine\Resource</Filter>
    </ClCompile>
    <ClCompile Include="RenderManager.cpp">
      <Filter>소스 파일\00. Engine\Manager\Render</Filter>
    </ClCompile>
    <ClCompile Include="RenderHelper.cpp">
      <Filter>소스 파일\00. Engine\Manager\Render</Filter>
    </ClCompile>
    <ClCompile Include="Animator.cpp">
      <Filter>소스 파일\00. Engine\Component\Animator</Filter>
    </ClCompile>
    <ClCompile Include="CameraMove.cpp">
      <Filter>소스 파일\01. Main</Filter>
    </ClCompile>
    <ClCompile Include="tinyxml2.cpp">
      <Filter>소스 파일\99. Headers\Utils</Filter>
    </ClCompile>
  </ItemGroup>
  <ItemGroup>
    <FxCompile Include="Default.hlsl">
      <Filter>소스 파일\98. Shaders</Filter>
    </FxCompile>
  </ItemGroup>
  <ItemGroup>
    <None Include="SimpleMath.inl">
      <Filter>소스 파일\99. Headers\Utils</Filter>
    </None>
  </ItemGroup>
</Project>